
Microsoft Visual Studio Solution File, Format Version 12.00
# Visual Studio Version 17
VisualStudioVersion = 17.2.32516.85
MinimumVisualStudioVersion = 10.0.40219.1
Project("{FAE04EC0-301F-11D3-BF4B-00C04F79EFBC}") = "BookLibrary", "BookLibrary\BookLibrary.csproj", "{9198ADE0-4096-4D6A-9B1C-AEFF2B8C7489}"
EndProject
Global
	GlobalSection(SolutionConfigurationPlatforms) = preSolution
		Debug|Any CPU = Debug|Any CPU
		Release|Any CPU = Release|Any CPU
	EndGlobalSection
	GlobalSection(ProjectConfigurationPlatforms) = postSolution
		{9198ADE0-4096-4D6A-9B1C-AEFF2B8C7489}.Debug|Any CPU.ActiveCfg = Debug|Any CPU
		{9198ADE0-4096-4D6A-9B1C-AEFF2B8C7489}.Debug|Any CPU.Build.0 = Debug|Any CPU
		{9198ADE0-4096-4D6A-9B1C-AEFF2B8C7489}.Release|Any CPU.ActiveCfg = Release|Any CPU
		{9198ADE0-4096-4D6A-9B1C-AEFF2B8C7489}.Release|Any CPU.Build.0 = Release|Any CPU
	EndGlobalSection
	GlobalSection(SolutionProperties) = preSolution
		HideSolutionNode = FALSE
	EndGlobalSection
	GlobalSection(ExtensibilityGlobals) = postSolution
		SolutionGuid = {5C67E5D6-1BD1-4DDB-B2F6-74E4CBD4EA57}
	EndGlobalSection
EndGlobal
