
Microsoft Visual Studio Solution File, Format Version 12.00
# Visual Studio Version 16
VisualStudioVersion = 16.0.30523.141
MinimumVisualStudioVersion = 10.0.40219.1
Project("{FAE04EC0-301F-11D3-BF4B-00C04F79EFBC}") = "max", "max\max.csproj", "{385C540A-3B48-47A2-9852-12F96122B3ED}"
EndProject
Global
	GlobalSection(SolutionConfigurationPlatforms) = preSolution
		Debug|Any CPU = Debug|Any CPU
		Release|Any CPU = Release|Any CPU
	EndGlobalSection
	GlobalSection(ProjectConfigurationPlatforms) = postSolution
		{385C540A-3B48-47A2-9852-12F96122B3ED}.Debug|Any CPU.ActiveCfg = Debug|Any CPU
		{385C540A-3B48-47A2-9852-12F96122B3ED}.Debug|Any CPU.Build.0 = Debug|Any CPU
		{385C540A-3B48-47A2-9852-12F96122B3ED}.Release|Any CPU.ActiveCfg = Release|Any CPU
		{385C540A-3B48-47A2-9852-12F96122B3ED}.Release|Any CPU.Build.0 = Release|Any CPU
	EndGlobalSection
	GlobalSection(SolutionProperties) = preSolution
		HideSolutionNode = FALSE
	EndGlobalSection
	GlobalSection(ExtensibilityGlobals) = postSolution
		SolutionGuid = {4E8CB6EB-08CC-41B4-B1D8-F992693AEA1A}
	EndGlobalSection
EndGlobal
