
Microsoft Visual Studio Solution File, Format Version 12.00
# Visual Studio Version 16
VisualStudioVersion = 16.0.30204.135
MinimumVisualStudioVersion = 10.0.40219.1
Project("{9A19103F-16F7-4668-BE54-9A1E7A4F7556}") = "списък", "списък\списък.csproj", "{CF062D85-29DE-4BAF-AE88-09C14ADBDA0D}"
EndProject
Project("{9A19103F-16F7-4668-BE54-9A1E7A4F7556}") = "dr_chisla", "dr_chisla\dr_chisla.csproj", "{890F01DC-4405-491F-9840-6675FE1AB776}"
EndProject
Project("{FAE04EC0-301F-11D3-BF4B-00C04F79EFBC}") = "imena", "imena\imena.csproj", "{B1D64BD6-3841-4F11-B149-0B5D42253D50}"
EndProject
Global
	GlobalSection(SolutionConfigurationPlatforms) = preSolution
		Debug|Any CPU = Debug|Any CPU
		Release|Any CPU = Release|Any CPU
	EndGlobalSection
	GlobalSection(ProjectConfigurationPlatforms) = postSolution
		{CF062D85-29DE-4BAF-AE88-09C14ADBDA0D}.Debug|Any CPU.ActiveCfg = Debug|Any CPU
		{CF062D85-29DE-4BAF-AE88-09C14ADBDA0D}.Debug|Any CPU.Build.0 = Debug|Any CPU
		{CF062D85-29DE-4BAF-AE88-09C14ADBDA0D}.Release|Any CPU.ActiveCfg = Release|Any CPU
		{CF062D85-29DE-4BAF-AE88-09C14ADBDA0D}.Release|Any CPU.Build.0 = Release|Any CPU
		{890F01DC-4405-491F-9840-6675FE1AB776}.Debug|Any CPU.ActiveCfg = Debug|Any CPU
		{890F01DC-4405-491F-9840-6675FE1AB776}.Debug|Any CPU.Build.0 = Debug|Any CPU
		{890F01DC-4405-491F-9840-6675FE1AB776}.Release|Any CPU.ActiveCfg = Release|Any CPU
		{890F01DC-4405-491F-9840-6675FE1AB776}.Release|Any CPU.Build.0 = Release|Any CPU
		{B1D64BD6-3841-4F11-B149-0B5D42253D50}.Debug|Any CPU.ActiveCfg = Debug|Any CPU
		{B1D64BD6-3841-4F11-B149-0B5D42253D50}.Debug|Any CPU.Build.0 = Debug|Any CPU
		{B1D64BD6-3841-4F11-B149-0B5D42253D50}.Release|Any CPU.ActiveCfg = Release|Any CPU
		{B1D64BD6-3841-4F11-B149-0B5D42253D50}.Release|Any CPU.Build.0 = Release|Any CPU
	EndGlobalSection
	GlobalSection(SolutionProperties) = preSolution
		HideSolutionNode = FALSE
	EndGlobalSection
	GlobalSection(ExtensibilityGlobals) = postSolution
		SolutionGuid = {92CA1CE5-94F6-40FE-A927-E60252BE5112}
	EndGlobalSection
EndGlobal
