
Microsoft Visual Studio Solution File, Format Version 12.00
# Visual Studio 15
VisualStudioVersion = 15.0.28307.705
MinimumVisualStudioVersion = 10.0.40219.1
Project("{FAE04EC0-301F-11D3-BF4B-00C04F79EFBC}") = "Test", "Test\Test.csproj", "{79B7612E-59BF-457D-A3D4-ABF33753FD8A}"
EndProject
Global
	GlobalSection(SolutionConfigurationPlatforms) = preSolution
		Debug|Any CPU = Debug|Any CPU
		Release|Any CPU = Release|Any CPU
	EndGlobalSection
	GlobalSection(ProjectConfigurationPlatforms) = postSolution
		{79B7612E-59BF-457D-A3D4-ABF33753FD8A}.Debug|Any CPU.ActiveCfg = Debug|Any CPU
		{79B7612E-59BF-457D-A3D4-ABF33753FD8A}.Debug|Any CPU.Build.0 = Debug|Any CPU
		{79B7612E-59BF-457D-A3D4-ABF33753FD8A}.Release|Any CPU.ActiveCfg = Release|Any CPU
		{79B7612E-59BF-457D-A3D4-ABF33753FD8A}.Release|Any CPU.Build.0 = Release|Any CPU
	EndGlobalSection
	GlobalSection(SolutionProperties) = preSolution
		HideSolutionNode = FALSE
	EndGlobalSection
	GlobalSection(ExtensibilityGlobals) = postSolution
		SolutionGuid = {5D9454AE-EE3A-4E02-AB66-DB1C9D349C8B}
	EndGlobalSection
EndGlobal
