
Microsoft Visual Studio Solution File, Format Version 12.00
# Visual Studio Version 17
VisualStudioVersion = 17.4.33122.133
MinimumVisualStudioVersion = 10.0.40219.1
Project("{FAE04EC0-301F-11D3-BF4B-00C04F79EFBC}") = "Employee", "Employee\Employee.csproj", "{8FA039AF-A4B4-497E-859F-5262854224F1}"
EndProject
Global
	GlobalSection(SolutionConfigurationPlatforms) = preSolution
		Debug|Any CPU = Debug|Any CPU
		Release|Any CPU = Release|Any CPU
	EndGlobalSection
	GlobalSection(ProjectConfigurationPlatforms) = postSolution
		{8FA039AF-A4B4-497E-859F-5262854224F1}.Debug|Any CPU.ActiveCfg = Debug|Any CPU
		{8FA039AF-A4B4-497E-859F-5262854224F1}.Debug|Any CPU.Build.0 = Debug|Any CPU
		{8FA039AF-A4B4-497E-859F-5262854224F1}.Release|Any CPU.ActiveCfg = Release|Any CPU
		{8FA039AF-A4B4-497E-859F-5262854224F1}.Release|Any CPU.Build.0 = Release|Any CPU
	EndGlobalSection
	GlobalSection(SolutionProperties) = preSolution
		HideSolutionNode = FALSE
	EndGlobalSection
	GlobalSection(ExtensibilityGlobals) = postSolution
		SolutionGuid = {02C1FAD8-E8DC-4FED-A873-AF89BC852EC3}
	EndGlobalSection
EndGlobal
