
Microsoft Visual Studio Solution File, Format Version 12.00
# Visual Studio Version 17
VisualStudioVersion = 17.1.32421.90
MinimumVisualStudioVersion = 10.0.40219.1
Project("{FAE04EC0-301F-11D3-BF4B-00C04F79EFBC}") = "LinkedList", "LinkedList\LinkedList.csproj", "{D812F96A-787B-4A10-834A-23A1730975EC}"
EndProject
Global
	GlobalSection(SolutionConfigurationPlatforms) = preSolution
		Debug|Any CPU = Debug|Any CPU
		Release|Any CPU = Release|Any CPU
	EndGlobalSection
	GlobalSection(ProjectConfigurationPlatforms) = postSolution
		{D812F96A-787B-4A10-834A-23A1730975EC}.Debug|Any CPU.ActiveCfg = Debug|Any CPU
		{D812F96A-787B-4A10-834A-23A1730975EC}.Debug|Any CPU.Build.0 = Debug|Any CPU
		{D812F96A-787B-4A10-834A-23A1730975EC}.Release|Any CPU.ActiveCfg = Release|Any CPU
		{D812F96A-787B-4A10-834A-23A1730975EC}.Release|Any CPU.Build.0 = Release|Any CPU
	EndGlobalSection
	GlobalSection(SolutionProperties) = preSolution
		HideSolutionNode = FALSE
	EndGlobalSection
	GlobalSection(ExtensibilityGlobals) = postSolution
		SolutionGuid = {D42195AF-509D-4EEE-9EDD-CC0E740412CA}
	EndGlobalSection
EndGlobal
