
Microsoft Visual Studio Solution File, Format Version 12.00
# Visual Studio 15
VisualStudioVersion = 15.0.28307.705
MinimumVisualStudioVersion = 10.0.40219.1
Project("{FAE04EC0-301F-11D3-BF4B-00C04F79EFBC}") = "Square1", "Square1\Square1.csproj", "{BE395A6D-27E3-4639-8732-5A8A25320E76}"
EndProject
Global
	GlobalSection(SolutionConfigurationPlatforms) = preSolution
		Debug|Any CPU = Debug|Any CPU
		Release|Any CPU = Release|Any CPU
	EndGlobalSection
	GlobalSection(ProjectConfigurationPlatforms) = postSolution
		{BE395A6D-27E3-4639-8732-5A8A25320E76}.Debug|Any CPU.ActiveCfg = Debug|Any CPU
		{BE395A6D-27E3-4639-8732-5A8A25320E76}.Debug|Any CPU.Build.0 = Debug|Any CPU
		{BE395A6D-27E3-4639-8732-5A8A25320E76}.Release|Any CPU.ActiveCfg = Release|Any CPU
		{BE395A6D-27E3-4639-8732-5A8A25320E76}.Release|Any CPU.Build.0 = Release|Any CPU
	EndGlobalSection
	GlobalSection(SolutionProperties) = preSolution
		HideSolutionNode = FALSE
	EndGlobalSection
	GlobalSection(ExtensibilityGlobals) = postSolution
		SolutionGuid = {154C8043-9DB0-4C23-8623-F2B12AD57F43}
	EndGlobalSection
EndGlobal
