
Microsoft Visual Studio Solution File, Format Version 12.00
# Visual Studio 15
VisualStudioVersion = 15.0.28307.705
MinimumVisualStudioVersion = 10.0.40219.1
Project("{FAE04EC0-301F-11D3-BF4B-00C04F79EFBC}") = "Ok I need names", "Ok I need names\Ok I need names.csproj", "{824848C3-4C0C-419A-9CC9-DBE785AD5279}"
EndProject
Global
	GlobalSection(SolutionConfigurationPlatforms) = preSolution
		Debug|Any CPU = Debug|Any CPU
		Release|Any CPU = Release|Any CPU
	EndGlobalSection
	GlobalSection(ProjectConfigurationPlatforms) = postSolution
		{824848C3-4C0C-419A-9CC9-DBE785AD5279}.Debug|Any CPU.ActiveCfg = Debug|Any CPU
		{824848C3-4C0C-419A-9CC9-DBE785AD5279}.Debug|Any CPU.Build.0 = Debug|Any CPU
		{824848C3-4C0C-419A-9CC9-DBE785AD5279}.Release|Any CPU.ActiveCfg = Release|Any CPU
		{824848C3-4C0C-419A-9CC9-DBE785AD5279}.Release|Any CPU.Build.0 = Release|Any CPU
	EndGlobalSection
	GlobalSection(SolutionProperties) = preSolution
		HideSolutionNode = FALSE
	EndGlobalSection
	GlobalSection(ExtensibilityGlobals) = postSolution
		SolutionGuid = {44B0B395-07F2-4969-89CF-4B1E49D889F1}
	EndGlobalSection
EndGlobal
