
Microsoft Visual Studio Solution File, Format Version 12.00
# Visual Studio Version 17
VisualStudioVersion = 17.1.32421.90
MinimumVisualStudioVersion = 10.0.40219.1
Project("{FAE04EC0-301F-11D3-BF4B-00C04F79EFBC}") = "every_way_100", "every_way_100\every_way_100.csproj", "{48EB8C54-E951-4799-BA9E-E73A57782438}"
EndProject
Global
	GlobalSection(SolutionConfigurationPlatforms) = preSolution
		Debug|Any CPU = Debug|Any CPU
		Release|Any CPU = Release|Any CPU
	EndGlobalSection
	GlobalSection(ProjectConfigurationPlatforms) = postSolution
		{48EB8C54-E951-4799-BA9E-E73A57782438}.Debug|Any CPU.ActiveCfg = Debug|Any CPU
		{48EB8C54-E951-4799-BA9E-E73A57782438}.Debug|Any CPU.Build.0 = Debug|Any CPU
		{48EB8C54-E951-4799-BA9E-E73A57782438}.Release|Any CPU.ActiveCfg = Release|Any CPU
		{48EB8C54-E951-4799-BA9E-E73A57782438}.Release|Any CPU.Build.0 = Release|Any CPU
	EndGlobalSection
	GlobalSection(SolutionProperties) = preSolution
		HideSolutionNode = FALSE
	EndGlobalSection
	GlobalSection(ExtensibilityGlobals) = postSolution
		SolutionGuid = {0E353A12-EB5C-40A6-9CF4-5BA42FE15227}
	EndGlobalSection
EndGlobal
