
Microsoft Visual Studio Solution File, Format Version 12.00
# Visual Studio 15
VisualStudioVersion = 15.0.28307.705
MinimumVisualStudioVersion = 10.0.40219.1
Project("{FAE04EC0-301F-11D3-BF4B-00C04F79EFBC}") = "labels", "labels\labels.csproj", "{36BE1C83-5B07-4541-819D-A445B40E0495}"
EndProject
Global
	GlobalSection(SolutionConfigurationPlatforms) = preSolution
		Debug|Any CPU = Debug|Any CPU
		Release|Any CPU = Release|Any CPU
	EndGlobalSection
	GlobalSection(ProjectConfigurationPlatforms) = postSolution
		{36BE1C83-5B07-4541-819D-A445B40E0495}.Debug|Any CPU.ActiveCfg = Debug|Any CPU
		{36BE1C83-5B07-4541-819D-A445B40E0495}.Debug|Any CPU.Build.0 = Debug|Any CPU
		{36BE1C83-5B07-4541-819D-A445B40E0495}.Release|Any CPU.ActiveCfg = Release|Any CPU
		{36BE1C83-5B07-4541-819D-A445B40E0495}.Release|Any CPU.Build.0 = Release|Any CPU
	EndGlobalSection
	GlobalSection(SolutionProperties) = preSolution
		HideSolutionNode = FALSE
	EndGlobalSection
	GlobalSection(ExtensibilityGlobals) = postSolution
		SolutionGuid = {287FCA7E-CBE3-42C7-8609-B30BF827AF5E}
	EndGlobalSection
EndGlobal
