
Microsoft Visual Studio Solution File, Format Version 12.00
# Visual Studio 15
VisualStudioVersion = 15.0.28307.960
MinimumVisualStudioVersion = 10.0.40219.1
Project("{FAE04EC0-301F-11D3-BF4B-00C04F79EFBC}") = "do while", "do while\do while.csproj", "{F2027764-CA09-442D-99FE-D4813E9090C3}"
EndProject
Global
	GlobalSection(SolutionConfigurationPlatforms) = preSolution
		Debug|Any CPU = Debug|Any CPU
		Release|Any CPU = Release|Any CPU
	EndGlobalSection
	GlobalSection(ProjectConfigurationPlatforms) = postSolution
		{F2027764-CA09-442D-99FE-D4813E9090C3}.Debug|Any CPU.ActiveCfg = Debug|Any CPU
		{F2027764-CA09-442D-99FE-D4813E9090C3}.Debug|Any CPU.Build.0 = Debug|Any CPU
		{F2027764-CA09-442D-99FE-D4813E9090C3}.Release|Any CPU.ActiveCfg = Release|Any CPU
		{F2027764-CA09-442D-99FE-D4813E9090C3}.Release|Any CPU.Build.0 = Release|Any CPU
	EndGlobalSection
	GlobalSection(SolutionProperties) = preSolution
		HideSolutionNode = FALSE
	EndGlobalSection
	GlobalSection(ExtensibilityGlobals) = postSolution
		SolutionGuid = {92FFF212-00E8-4BC1-8A35-AF3CA76DCB57}
	EndGlobalSection
EndGlobal
