
Microsoft Visual Studio Solution File, Format Version 12.00
# Visual Studio Version 16
VisualStudioVersion = 16.0.30523.141
MinimumVisualStudioVersion = 10.0.40219.1
Project("{FAE04EC0-301F-11D3-BF4B-00C04F79EFBC}") = "parolata", "parolata\parolata.csproj", "{204E32FC-0964-4513-80F0-773C4867E176}"
EndProject
Global
	GlobalSection(SolutionConfigurationPlatforms) = preSolution
		Debug|Any CPU = Debug|Any CPU
		Release|Any CPU = Release|Any CPU
	EndGlobalSection
	GlobalSection(ProjectConfigurationPlatforms) = postSolution
		{204E32FC-0964-4513-80F0-773C4867E176}.Debug|Any CPU.ActiveCfg = Debug|Any CPU
		{204E32FC-0964-4513-80F0-773C4867E176}.Debug|Any CPU.Build.0 = Debug|Any CPU
		{204E32FC-0964-4513-80F0-773C4867E176}.Release|Any CPU.ActiveCfg = Release|Any CPU
		{204E32FC-0964-4513-80F0-773C4867E176}.Release|Any CPU.Build.0 = Release|Any CPU
	EndGlobalSection
	GlobalSection(SolutionProperties) = preSolution
		HideSolutionNode = FALSE
	EndGlobalSection
	GlobalSection(ExtensibilityGlobals) = postSolution
		SolutionGuid = {999450D0-8DC8-4B48-ACED-539A5A8DCA8A}
	EndGlobalSection
EndGlobal
