
Microsoft Visual Studio Solution File, Format Version 12.00
# Visual Studio Version 17
VisualStudioVersion = 17.7.34003.232
MinimumVisualStudioVersion = 10.0.40219.1
Project("{FAE04EC0-301F-11D3-BF4B-00C04F79EFBC}") = "Catstagram.Server", "Catstagram.Server\Catstagram.Server.csproj", "{BC0F0939-AAD7-4C68-BF6F-E64050671B37}"
EndProject
Global
	GlobalSection(SolutionConfigurationPlatforms) = preSolution
		Debug|Any CPU = Debug|Any CPU
		Release|Any CPU = Release|Any CPU
	EndGlobalSection
	GlobalSection(ProjectConfigurationPlatforms) = postSolution
		{BC0F0939-AAD7-4C68-BF6F-E64050671B37}.Debug|Any CPU.ActiveCfg = Debug|Any CPU
		{BC0F0939-AAD7-4C68-BF6F-E64050671B37}.Debug|Any CPU.Build.0 = Debug|Any CPU
		{BC0F0939-AAD7-4C68-BF6F-E64050671B37}.Release|Any CPU.ActiveCfg = Release|Any CPU
		{BC0F0939-AAD7-4C68-BF6F-E64050671B37}.Release|Any CPU.Build.0 = Release|Any CPU
	EndGlobalSection
	GlobalSection(SolutionProperties) = preSolution
		HideSolutionNode = FALSE
	EndGlobalSection
	GlobalSection(ExtensibilityGlobals) = postSolution
		SolutionGuid = {1A5E7B98-55FB-497E-99CB-1201AA724391}
	EndGlobalSection
EndGlobal
