
Microsoft Visual Studio Solution File, Format Version 12.00
# Visual Studio Version 16
VisualStudioVersion = 16.0.30523.141
MinimumVisualStudioVersion = 10.0.40219.1
Project("{FAE04EC0-301F-11D3-BF4B-00C04F79EFBC}") = "ConsoleApp1", "ConsoleApp1\ConsoleApp1.csproj", "{D15A1D5A-94EF-437A-A1F0-74ED3F826CAA}"
EndProject
Global
	GlobalSection(SolutionConfigurationPlatforms) = preSolution
		Debug|Any CPU = Debug|Any CPU
		Release|Any CPU = Release|Any CPU
	EndGlobalSection
	GlobalSection(ProjectConfigurationPlatforms) = postSolution
		{D15A1D5A-94EF-437A-A1F0-74ED3F826CAA}.Debug|Any CPU.ActiveCfg = Debug|Any CPU
		{D15A1D5A-94EF-437A-A1F0-74ED3F826CAA}.Debug|Any CPU.Build.0 = Debug|Any CPU
		{D15A1D5A-94EF-437A-A1F0-74ED3F826CAA}.Release|Any CPU.ActiveCfg = Release|Any CPU
		{D15A1D5A-94EF-437A-A1F0-74ED3F826CAA}.Release|Any CPU.Build.0 = Release|Any CPU
	EndGlobalSection
	GlobalSection(SolutionProperties) = preSolution
		HideSolutionNode = FALSE
	EndGlobalSection
	GlobalSection(ExtensibilityGlobals) = postSolution
		SolutionGuid = {1D65D5E0-07FF-4A95-8C27-DE2B3DA8D9DB}
	EndGlobalSection
EndGlobal
