
Microsoft Visual Studio Solution File, Format Version 12.00
# Visual Studio Version 17
VisualStudioVersion = 17.1.32421.90
MinimumVisualStudioVersion = 10.0.40219.1
Project("{FAE04EC0-301F-11D3-BF4B-00C04F79EFBC}") = "NOD_i_NOK", "NOD_i_NOK\NOD_i_NOK.csproj", "{FB239E17-DDC6-433A-9021-E94F03EE0252}"
EndProject
Global
	GlobalSection(SolutionConfigurationPlatforms) = preSolution
		Debug|Any CPU = Debug|Any CPU
		Release|Any CPU = Release|Any CPU
	EndGlobalSection
	GlobalSection(ProjectConfigurationPlatforms) = postSolution
		{FB239E17-DDC6-433A-9021-E94F03EE0252}.Debug|Any CPU.ActiveCfg = Debug|Any CPU
		{FB239E17-DDC6-433A-9021-E94F03EE0252}.Debug|Any CPU.Build.0 = Debug|Any CPU
		{FB239E17-DDC6-433A-9021-E94F03EE0252}.Release|Any CPU.ActiveCfg = Release|Any CPU
		{FB239E17-DDC6-433A-9021-E94F03EE0252}.Release|Any CPU.Build.0 = Release|Any CPU
	EndGlobalSection
	GlobalSection(SolutionProperties) = preSolution
		HideSolutionNode = FALSE
	EndGlobalSection
	GlobalSection(ExtensibilityGlobals) = postSolution
		SolutionGuid = {A7F254B4-BACB-4D0A-A758-3D7F5C5A12DB}
	EndGlobalSection
EndGlobal
