
Microsoft Visual Studio Solution File, Format Version 12.00
# Visual Studio Version 16
VisualStudioVersion = 16.0.30503.244
MinimumVisualStudioVersion = 10.0.40219.1
Project("{FAE04EC0-301F-11D3-BF4B-00C04F79EFBC}") = "LiceKvadrat", "LiceKvadrat\LiceKvadrat.csproj", "{1C35C5FE-42D1-4C54-80DF-3AB320B10C5E}"
EndProject
Global
	GlobalSection(SolutionConfigurationPlatforms) = preSolution
		Debug|Any CPU = Debug|Any CPU
		Release|Any CPU = Release|Any CPU
	EndGlobalSection
	GlobalSection(ProjectConfigurationPlatforms) = postSolution
		{1C35C5FE-42D1-4C54-80DF-3AB320B10C5E}.Debug|Any CPU.ActiveCfg = Debug|Any CPU
		{1C35C5FE-42D1-4C54-80DF-3AB320B10C5E}.Debug|Any CPU.Build.0 = Debug|Any CPU
		{1C35C5FE-42D1-4C54-80DF-3AB320B10C5E}.Release|Any CPU.ActiveCfg = Release|Any CPU
		{1C35C5FE-42D1-4C54-80DF-3AB320B10C5E}.Release|Any CPU.Build.0 = Release|Any CPU
	EndGlobalSection
	GlobalSection(SolutionProperties) = preSolution
		HideSolutionNode = FALSE
	EndGlobalSection
	GlobalSection(ExtensibilityGlobals) = postSolution
		SolutionGuid = {5F20180B-6AAC-46B8-BA9E-4E4924E92D79}
	EndGlobalSection
EndGlobal
