
Microsoft Visual Studio Solution File, Format Version 12.00
# Visual Studio Version 17
VisualStudioVersion = 17.1.32421.90
MinimumVisualStudioVersion = 10.0.40219.1
Project("{FAE04EC0-301F-11D3-BF4B-00C04F79EFBC}") = "Firma_zad", "Firma_zad\Firma_zad.csproj", "{1C835461-1104-4CBF-9E97-D96289378281}"
EndProject
Global
	GlobalSection(SolutionConfigurationPlatforms) = preSolution
		Debug|Any CPU = Debug|Any CPU
		Release|Any CPU = Release|Any CPU
	EndGlobalSection
	GlobalSection(ProjectConfigurationPlatforms) = postSolution
		{1C835461-1104-4CBF-9E97-D96289378281}.Debug|Any CPU.ActiveCfg = Debug|Any CPU
		{1C835461-1104-4CBF-9E97-D96289378281}.Debug|Any CPU.Build.0 = Debug|Any CPU
		{1C835461-1104-4CBF-9E97-D96289378281}.Release|Any CPU.ActiveCfg = Release|Any CPU
		{1C835461-1104-4CBF-9E97-D96289378281}.Release|Any CPU.Build.0 = Release|Any CPU
	EndGlobalSection
	GlobalSection(SolutionProperties) = preSolution
		HideSolutionNode = FALSE
	EndGlobalSection
	GlobalSection(ExtensibilityGlobals) = postSolution
		SolutionGuid = {EABA3DD5-52AA-417D-91C4-FBE5B63CA339}
	EndGlobalSection
EndGlobal
