
Microsoft Visual Studio Solution File, Format Version 12.00
# Visual Studio Version 16
VisualStudioVersion = 16.0.30204.135
MinimumVisualStudioVersion = 10.0.40219.1
Project("{FAE04EC0-301F-11D3-BF4B-00C04F79EFBC}") = "obm bureau", "obm bureau\obm bureau.csproj", "{0537B3F2-98C8-432D-A576-D09CB2A62D73}"
EndProject
Global
	GlobalSection(SolutionConfigurationPlatforms) = preSolution
		Debug|Any CPU = Debug|Any CPU
		Release|Any CPU = Release|Any CPU
	EndGlobalSection
	GlobalSection(ProjectConfigurationPlatforms) = postSolution
		{0537B3F2-98C8-432D-A576-D09CB2A62D73}.Debug|Any CPU.ActiveCfg = Debug|Any CPU
		{0537B3F2-98C8-432D-A576-D09CB2A62D73}.Debug|Any CPU.Build.0 = Debug|Any CPU
		{0537B3F2-98C8-432D-A576-D09CB2A62D73}.Release|Any CPU.ActiveCfg = Release|Any CPU
		{0537B3F2-98C8-432D-A576-D09CB2A62D73}.Release|Any CPU.Build.0 = Release|Any CPU
	EndGlobalSection
	GlobalSection(SolutionProperties) = preSolution
		HideSolutionNode = FALSE
	EndGlobalSection
	GlobalSection(ExtensibilityGlobals) = postSolution
		SolutionGuid = {369F1F97-8F5E-4758-A829-B5F46AF899BC}
	EndGlobalSection
EndGlobal
