
Microsoft Visual Studio Solution File, Format Version 12.00
# Visual Studio Version 17
VisualStudioVersion = 17.1.32421.90
MinimumVisualStudioVersion = 10.0.40219.1
Project("{FAE04EC0-301F-11D3-BF4B-00C04F79EFBC}") = "nod na evklid", "nod na evklid\nod na evklid.csproj", "{DD91AA6B-57D3-449D-99B4-521975DEA7D6}"
EndProject
Global
	GlobalSection(SolutionConfigurationPlatforms) = preSolution
		Debug|Any CPU = Debug|Any CPU
		Release|Any CPU = Release|Any CPU
	EndGlobalSection
	GlobalSection(ProjectConfigurationPlatforms) = postSolution
		{DD91AA6B-57D3-449D-99B4-521975DEA7D6}.Debug|Any CPU.ActiveCfg = Debug|Any CPU
		{DD91AA6B-57D3-449D-99B4-521975DEA7D6}.Debug|Any CPU.Build.0 = Debug|Any CPU
		{DD91AA6B-57D3-449D-99B4-521975DEA7D6}.Release|Any CPU.ActiveCfg = Release|Any CPU
		{DD91AA6B-57D3-449D-99B4-521975DEA7D6}.Release|Any CPU.Build.0 = Release|Any CPU
	EndGlobalSection
	GlobalSection(SolutionProperties) = preSolution
		HideSolutionNode = FALSE
	EndGlobalSection
	GlobalSection(ExtensibilityGlobals) = postSolution
		SolutionGuid = {97B399AD-A628-4856-82A7-C0429DAE2AA0}
	EndGlobalSection
EndGlobal
