
Microsoft Visual Studio Solution File, Format Version 12.00
# Visual Studio 15
VisualStudioVersion = 15.0.28307.705
MinimumVisualStudioVersion = 10.0.40219.1
Project("{FAE04EC0-301F-11D3-BF4B-00C04F79EFBC}") = "perimetarP", "perimetarP\perimetarP.csproj", "{0146C3AA-CD70-455F-95E4-EFB3352BC517}"
EndProject
Global
	GlobalSection(SolutionConfigurationPlatforms) = preSolution
		Debug|Any CPU = Debug|Any CPU
		Release|Any CPU = Release|Any CPU
	EndGlobalSection
	GlobalSection(ProjectConfigurationPlatforms) = postSolution
		{0146C3AA-CD70-455F-95E4-EFB3352BC517}.Debug|Any CPU.ActiveCfg = Debug|Any CPU
		{0146C3AA-CD70-455F-95E4-EFB3352BC517}.Debug|Any CPU.Build.0 = Debug|Any CPU
		{0146C3AA-CD70-455F-95E4-EFB3352BC517}.Release|Any CPU.ActiveCfg = Release|Any CPU
		{0146C3AA-CD70-455F-95E4-EFB3352BC517}.Release|Any CPU.Build.0 = Release|Any CPU
	EndGlobalSection
	GlobalSection(SolutionProperties) = preSolution
		HideSolutionNode = FALSE
	EndGlobalSection
	GlobalSection(ExtensibilityGlobals) = postSolution
		SolutionGuid = {510D30CA-8685-4384-9EC4-21A1F79E742C}
	EndGlobalSection
EndGlobal
