
Microsoft Visual Studio Solution File, Format Version 12.00
# Visual Studio Version 17
VisualStudioVersion = 17.1.32421.90
MinimumVisualStudioVersion = 10.0.40219.1
Project("{FAE04EC0-301F-11D3-BF4B-00C04F79EFBC}") = "evklid-delene-nod", "evklid-delene-nod\evklid-delene-nod.csproj", "{2ED35271-8EFF-4A7A-9D5C-F14C69924044}"
EndProject
Global
	GlobalSection(SolutionConfigurationPlatforms) = preSolution
		Debug|Any CPU = Debug|Any CPU
		Release|Any CPU = Release|Any CPU
	EndGlobalSection
	GlobalSection(ProjectConfigurationPlatforms) = postSolution
		{2ED35271-8EFF-4A7A-9D5C-F14C69924044}.Debug|Any CPU.ActiveCfg = Debug|Any CPU
		{2ED35271-8EFF-4A7A-9D5C-F14C69924044}.Debug|Any CPU.Build.0 = Debug|Any CPU
		{2ED35271-8EFF-4A7A-9D5C-F14C69924044}.Release|Any CPU.ActiveCfg = Release|Any CPU
		{2ED35271-8EFF-4A7A-9D5C-F14C69924044}.Release|Any CPU.Build.0 = Release|Any CPU
	EndGlobalSection
	GlobalSection(SolutionProperties) = preSolution
		HideSolutionNode = FALSE
	EndGlobalSection
	GlobalSection(ExtensibilityGlobals) = postSolution
		SolutionGuid = {5975875E-18D2-429D-8E12-883FAC8768D6}
	EndGlobalSection
EndGlobal
