
Microsoft Visual Studio Solution File, Format Version 12.00
# Visual Studio Version 16
VisualStudioVersion = 16.0.30523.141
MinimumVisualStudioVersion = 10.0.40219.1
Project("{FAE04EC0-301F-11D3-BF4B-00C04F79EFBC}") = "enshti", "enshti\enshti.csproj", "{192D7BA4-629B-41D9-93B0-2608EB2E3CE1}"
EndProject
Global
	GlobalSection(SolutionConfigurationPlatforms) = preSolution
		Debug|Any CPU = Debug|Any CPU
		Release|Any CPU = Release|Any CPU
	EndGlobalSection
	GlobalSection(ProjectConfigurationPlatforms) = postSolution
		{192D7BA4-629B-41D9-93B0-2608EB2E3CE1}.Debug|Any CPU.ActiveCfg = Debug|Any CPU
		{192D7BA4-629B-41D9-93B0-2608EB2E3CE1}.Debug|Any CPU.Build.0 = Debug|Any CPU
		{192D7BA4-629B-41D9-93B0-2608EB2E3CE1}.Release|Any CPU.ActiveCfg = Release|Any CPU
		{192D7BA4-629B-41D9-93B0-2608EB2E3CE1}.Release|Any CPU.Build.0 = Release|Any CPU
	EndGlobalSection
	GlobalSection(SolutionProperties) = preSolution
		HideSolutionNode = FALSE
	EndGlobalSection
	GlobalSection(ExtensibilityGlobals) = postSolution
		SolutionGuid = {D3D35796-8AAB-4564-A539-E158987C48A9}
	EndGlobalSection
EndGlobal
