
Microsoft Visual Studio Solution File, Format Version 12.00
# Visual Studio Version 17
VisualStudioVersion = 17.1.32421.90
MinimumVisualStudioVersion = 10.0.40219.1
Project("{FAE04EC0-301F-11D3-BF4B-00C04F79EFBC}") = "prime-divisors", "prime-divisors\prime-divisors.csproj", "{31B916B1-02FD-4648-927A-E0C22337A196}"
EndProject
Global
	GlobalSection(SolutionConfigurationPlatforms) = preSolution
		Debug|Any CPU = Debug|Any CPU
		Release|Any CPU = Release|Any CPU
	EndGlobalSection
	GlobalSection(ProjectConfigurationPlatforms) = postSolution
		{31B916B1-02FD-4648-927A-E0C22337A196}.Debug|Any CPU.ActiveCfg = Debug|Any CPU
		{31B916B1-02FD-4648-927A-E0C22337A196}.Debug|Any CPU.Build.0 = Debug|Any CPU
		{31B916B1-02FD-4648-927A-E0C22337A196}.Release|Any CPU.ActiveCfg = Release|Any CPU
		{31B916B1-02FD-4648-927A-E0C22337A196}.Release|Any CPU.Build.0 = Release|Any CPU
	EndGlobalSection
	GlobalSection(SolutionProperties) = preSolution
		HideSolutionNode = FALSE
	EndGlobalSection
	GlobalSection(ExtensibilityGlobals) = postSolution
		SolutionGuid = {C392B6AD-A832-4DCA-8A33-0B9C063A62B1}
	EndGlobalSection
EndGlobal
