
Microsoft Visual Studio Solution File, Format Version 12.00
# Visual Studio Version 16
VisualStudioVersion = 16.0.30523.141
MinimumVisualStudioVersion = 10.0.40219.1
Project("{FAE04EC0-301F-11D3-BF4B-00C04F79EFBC}") = "kole", "kole\kole.csproj", "{B1B2E7EA-4BCC-4920-B984-38B311A19BC5}"
EndProject
Global
	GlobalSection(SolutionConfigurationPlatforms) = preSolution
		Debug|Any CPU = Debug|Any CPU
		Release|Any CPU = Release|Any CPU
	EndGlobalSection
	GlobalSection(ProjectConfigurationPlatforms) = postSolution
		{B1B2E7EA-4BCC-4920-B984-38B311A19BC5}.Debug|Any CPU.ActiveCfg = Debug|Any CPU
		{B1B2E7EA-4BCC-4920-B984-38B311A19BC5}.Debug|Any CPU.Build.0 = Debug|Any CPU
		{B1B2E7EA-4BCC-4920-B984-38B311A19BC5}.Release|Any CPU.ActiveCfg = Release|Any CPU
		{B1B2E7EA-4BCC-4920-B984-38B311A19BC5}.Release|Any CPU.Build.0 = Release|Any CPU
	EndGlobalSection
	GlobalSection(SolutionProperties) = preSolution
		HideSolutionNode = FALSE
	EndGlobalSection
	GlobalSection(ExtensibilityGlobals) = postSolution
		SolutionGuid = {F8B32AA3-6FA1-41A5-B228-D10DBEA606A4}
	EndGlobalSection
EndGlobal
