
Microsoft Visual Studio Solution File, Format Version 12.00
# Visual Studio Version 17
VisualStudioVersion = 17.4.33205.214
MinimumVisualStudioVersion = 10.0.40219.1
Project("{FAE04EC0-301F-11D3-BF4B-00C04F79EFBC}") = "TransportPrice", "TransportPrice\TransportPrice.csproj", "{0E2E408A-19DD-42C6-80C5-A172C5D68C11}"
EndProject
Project("{FAE04EC0-301F-11D3-BF4B-00C04F79EFBC}") = "Fixing_Tiles", "Fixing_Tiles\Fixing_Tiles.csproj", "{D26F9B51-9719-4E06-A271-ECE61FB6CCF7}"
EndProject
Global
	GlobalSection(SolutionConfigurationPlatforms) = preSolution
		Debug|Any CPU = Debug|Any CPU
		Release|Any CPU = Release|Any CPU
	EndGlobalSection
	GlobalSection(ProjectConfigurationPlatforms) = postSolution
		{0E2E408A-19DD-42C6-80C5-A172C5D68C11}.Debug|Any CPU.ActiveCfg = Debug|Any CPU
		{0E2E408A-19DD-42C6-80C5-A172C5D68C11}.Debug|Any CPU.Build.0 = Debug|Any CPU
		{0E2E408A-19DD-42C6-80C5-A172C5D68C11}.Release|Any CPU.ActiveCfg = Release|Any CPU
		{0E2E408A-19DD-42C6-80C5-A172C5D68C11}.Release|Any CPU.Build.0 = Release|Any CPU
		{D26F9B51-9719-4E06-A271-ECE61FB6CCF7}.Debug|Any CPU.ActiveCfg = Debug|Any CPU
		{D26F9B51-9719-4E06-A271-ECE61FB6CCF7}.Debug|Any CPU.Build.0 = Debug|Any CPU
		{D26F9B51-9719-4E06-A271-ECE61FB6CCF7}.Release|Any CPU.ActiveCfg = Release|Any CPU
		{D26F9B51-9719-4E06-A271-ECE61FB6CCF7}.Release|Any CPU.Build.0 = Release|Any CPU
	EndGlobalSection
	GlobalSection(SolutionProperties) = preSolution
		HideSolutionNode = FALSE
	EndGlobalSection
	GlobalSection(ExtensibilityGlobals) = postSolution
		SolutionGuid = {E8561BD7-3C5C-4EDF-AE68-1F2EC3D877B0}
	EndGlobalSection
EndGlobal
