
Microsoft Visual Studio Solution File, Format Version 12.00
# Visual Studio Version 17
VisualStudioVersion = 17.2.32516.85
MinimumVisualStudioVersion = 10.0.40219.1
Project("{FAE04EC0-301F-11D3-BF4B-00C04F79EFBC}") = "Is-The_Number_Prime", "Is-The_Number_Prime\Is-The_Number_Prime.csproj", "{19A7F9C4-EFA4-4790-B461-E4081A9A8E22}"
EndProject
Global
	GlobalSection(SolutionConfigurationPlatforms) = preSolution
		Debug|Any CPU = Debug|Any CPU
		Release|Any CPU = Release|Any CPU
	EndGlobalSection
	GlobalSection(ProjectConfigurationPlatforms) = postSolution
		{19A7F9C4-EFA4-4790-B461-E4081A9A8E22}.Debug|Any CPU.ActiveCfg = Debug|Any CPU
		{19A7F9C4-EFA4-4790-B461-E4081A9A8E22}.Debug|Any CPU.Build.0 = Debug|Any CPU
		{19A7F9C4-EFA4-4790-B461-E4081A9A8E22}.Release|Any CPU.ActiveCfg = Release|Any CPU
		{19A7F9C4-EFA4-4790-B461-E4081A9A8E22}.Release|Any CPU.Build.0 = Release|Any CPU
	EndGlobalSection
	GlobalSection(SolutionProperties) = preSolution
		HideSolutionNode = FALSE
	EndGlobalSection
	GlobalSection(ExtensibilityGlobals) = postSolution
		SolutionGuid = {D3CB65E1-1F13-4772-B817-161557F6E33A}
	EndGlobalSection
EndGlobal
