
Microsoft Visual Studio Solution File, Format Version 12.00
# Visual Studio Version 16
VisualStudioVersion = 16.0.30523.141
MinimumVisualStudioVersion = 10.0.40219.1
Project("{FAE04EC0-301F-11D3-BF4B-00C04F79EFBC}") = "ko", "ko\ko.csproj", "{28DEE7D1-A7D9-4B90-BFBB-A0DF22042DE1}"
EndProject
Global
	GlobalSection(SolutionConfigurationPlatforms) = preSolution
		Debug|Any CPU = Debug|Any CPU
		Release|Any CPU = Release|Any CPU
	EndGlobalSection
	GlobalSection(ProjectConfigurationPlatforms) = postSolution
		{28DEE7D1-A7D9-4B90-BFBB-A0DF22042DE1}.Debug|Any CPU.ActiveCfg = Debug|Any CPU
		{28DEE7D1-A7D9-4B90-BFBB-A0DF22042DE1}.Debug|Any CPU.Build.0 = Debug|Any CPU
		{28DEE7D1-A7D9-4B90-BFBB-A0DF22042DE1}.Release|Any CPU.ActiveCfg = Release|Any CPU
		{28DEE7D1-A7D9-4B90-BFBB-A0DF22042DE1}.Release|Any CPU.Build.0 = Release|Any CPU
	EndGlobalSection
	GlobalSection(SolutionProperties) = preSolution
		HideSolutionNode = FALSE
	EndGlobalSection
	GlobalSection(ExtensibilityGlobals) = postSolution
		SolutionGuid = {DDCFD528-BF7D-483C-B6E9-581979A930AC}
	EndGlobalSection
EndGlobal
