
Microsoft Visual Studio Solution File, Format Version 12.00
# Visual Studio 15
VisualStudioVersion = 15.0.28307.705
MinimumVisualStudioVersion = 10.0.40219.1
Project("{FAE04EC0-301F-11D3-BF4B-00C04F79EFBC}") = "cqlo4", "cqlo4\cqlo4.csproj", "{DA5664CD-6C76-4826-B4DB-722EA8BA6B21}"
EndProject
Global
	GlobalSection(SolutionConfigurationPlatforms) = preSolution
		Debug|Any CPU = Debug|Any CPU
		Release|Any CPU = Release|Any CPU
	EndGlobalSection
	GlobalSection(ProjectConfigurationPlatforms) = postSolution
		{DA5664CD-6C76-4826-B4DB-722EA8BA6B21}.Debug|Any CPU.ActiveCfg = Debug|Any CPU
		{DA5664CD-6C76-4826-B4DB-722EA8BA6B21}.Debug|Any CPU.Build.0 = Debug|Any CPU
		{DA5664CD-6C76-4826-B4DB-722EA8BA6B21}.Release|Any CPU.ActiveCfg = Release|Any CPU
		{DA5664CD-6C76-4826-B4DB-722EA8BA6B21}.Release|Any CPU.Build.0 = Release|Any CPU
	EndGlobalSection
	GlobalSection(SolutionProperties) = preSolution
		HideSolutionNode = FALSE
	EndGlobalSection
	GlobalSection(ExtensibilityGlobals) = postSolution
		SolutionGuid = {E4BEB029-C116-43FA-9FCF-F9E307CFD949}
	EndGlobalSection
EndGlobal
