
Microsoft Visual Studio Solution File, Format Version 12.00
# Visual Studio Version 17
VisualStudioVersion = 17.7.34003.232
MinimumVisualStudioVersion = 10.0.40219.1
Project("{9A19103F-16F7-4668-BE54-9A1E7A4F7556}") = "2019-Cinema", "Exams\2019-Cinema.csproj", "{30DBF416-DC64-42E0-AF3C-9B81649C1E13}"
EndProject
Project("{9A19103F-16F7-4668-BE54-9A1E7A4F7556}") = "2019-WordCruncher", "2019-WordCruncher\2019-WordCruncher.csproj", "{1229AD0A-291A-4AAA-88DC-1A1B0D4E9590}"
EndProject
Project("{9A19103F-16F7-4668-BE54-9A1E7A4F7556}") = "The-Easy-Exams", "The-Easy-Exams\The-Easy-Exams.csproj", "{C6ADB050-4714-4A05-976E-8D2BD3312656}"
EndProject
Project("{9A19103F-16F7-4668-BE54-9A1E7A4F7556}") = "ExamPreps", "ExamPreps\ExamPreps.csproj", "{D4765C8D-7024-4075-9655-3DFFC0B29992}"
EndProject
Project("{FAE04EC0-301F-11D3-BF4B-00C04F79EFBC}") = "tst", "tst\tst.csproj", "{E287C677-A580-49E4-82BA-ED85A5EC47A3}"
EndProject
Global
	GlobalSection(SolutionConfigurationPlatforms) = preSolution
		Debug|Any CPU = Debug|Any CPU
		Release|Any CPU = Release|Any CPU
	EndGlobalSection
	GlobalSection(ProjectConfigurationPlatforms) = postSolution
		{30DBF416-DC64-42E0-AF3C-9B81649C1E13}.Debug|Any CPU.ActiveCfg = Debug|Any CPU
		{30DBF416-DC64-42E0-AF3C-9B81649C1E13}.Debug|Any CPU.Build.0 = Debug|Any CPU
		{30DBF416-DC64-42E0-AF3C-9B81649C1E13}.Release|Any CPU.ActiveCfg = Release|Any CPU
		{30DBF416-DC64-42E0-AF3C-9B81649C1E13}.Release|Any CPU.Build.0 = Release|Any CPU
		{1229AD0A-291A-4AAA-88DC-1A1B0D4E9590}.Debug|Any CPU.ActiveCfg = Debug|Any CPU
		{1229AD0A-291A-4AAA-88DC-1A1B0D4E9590}.Debug|Any CPU.Build.0 = Debug|Any CPU
		{1229AD0A-291A-4AAA-88DC-1A1B0D4E9590}.Release|Any CPU.ActiveCfg = Release|Any CPU
		{1229AD0A-291A-4AAA-88DC-1A1B0D4E9590}.Release|Any CPU.Build.0 = Release|Any CPU
		{C6ADB050-4714-4A05-976E-8D2BD3312656}.Debug|Any CPU.ActiveCfg = Debug|Any CPU
		{C6ADB050-4714-4A05-976E-8D2BD3312656}.Debug|Any CPU.Build.0 = Debug|Any CPU
		{C6ADB050-4714-4A05-976E-8D2BD3312656}.Release|Any CPU.ActiveCfg = Release|Any CPU
		{C6ADB050-4714-4A05-976E-8D2BD3312656}.Release|Any CPU.Build.0 = Release|Any CPU
		{D4765C8D-7024-4075-9655-3DFFC0B29992}.Debug|Any CPU.ActiveCfg = Debug|Any CPU
		{D4765C8D-7024-4075-9655-3DFFC0B29992}.Debug|Any CPU.Build.0 = Debug|Any CPU
		{D4765C8D-7024-4075-9655-3DFFC0B29992}.Release|Any CPU.ActiveCfg = Release|Any CPU
		{D4765C8D-7024-4075-9655-3DFFC0B29992}.Release|Any CPU.Build.0 = Release|Any CPU
		{E287C677-A580-49E4-82BA-ED85A5EC47A3}.Debug|Any CPU.ActiveCfg = Debug|Any CPU
		{E287C677-A580-49E4-82BA-ED85A5EC47A3}.Debug|Any CPU.Build.0 = Debug|Any CPU
		{E287C677-A580-49E4-82BA-ED85A5EC47A3}.Release|Any CPU.ActiveCfg = Release|Any CPU
		{E287C677-A580-49E4-82BA-ED85A5EC47A3}.Release|Any CPU.Build.0 = Release|Any CPU
	EndGlobalSection
	GlobalSection(SolutionProperties) = preSolution
		HideSolutionNode = FALSE
	EndGlobalSection
	GlobalSection(ExtensibilityGlobals) = postSolution
		SolutionGuid = {9ADEF939-745C-41DC-8709-81B9E14A79BF}
	EndGlobalSection
EndGlobal
