
Microsoft Visual Studio Solution File, Format Version 12.00
# Visual Studio Version 17
VisualStudioVersion = 17.4.33103.184
MinimumVisualStudioVersion = 10.0.40219.1
Project("{FAE04EC0-301F-11D3-BF4B-00C04F79EFBC}") = "Zoo", "Zoo\Zoo.csproj", "{2AB4F4B7-9933-4C8D-9822-9B34DDEF36AD}"
EndProject
Global
	GlobalSection(SolutionConfigurationPlatforms) = preSolution
		Debug|Any CPU = Debug|Any CPU
		Release|Any CPU = Release|Any CPU
	EndGlobalSection
	GlobalSection(ProjectConfigurationPlatforms) = postSolution
		{2AB4F4B7-9933-4C8D-9822-9B34DDEF36AD}.Debug|Any CPU.ActiveCfg = Debug|Any CPU
		{2AB4F4B7-9933-4C8D-9822-9B34DDEF36AD}.Debug|Any CPU.Build.0 = Debug|Any CPU
		{2AB4F4B7-9933-4C8D-9822-9B34DDEF36AD}.Release|Any CPU.ActiveCfg = Release|Any CPU
		{2AB4F4B7-9933-4C8D-9822-9B34DDEF36AD}.Release|Any CPU.Build.0 = Release|Any CPU
	EndGlobalSection
	GlobalSection(SolutionProperties) = preSolution
		HideSolutionNode = FALSE
	EndGlobalSection
	GlobalSection(ExtensibilityGlobals) = postSolution
		SolutionGuid = {7C4B002F-5615-4FBD-B0E7-B7DC5B32C9E8}
	EndGlobalSection
EndGlobal
