
Microsoft Visual Studio Solution File, Format Version 12.00
# Visual Studio 15
VisualStudioVersion = 15.0.28307.705
MinimumVisualStudioVersion = 10.0.40219.1
Project("{FAE04EC0-301F-11D3-BF4B-00C04F79EFBC}") = "nizove", "nizove\nizove.csproj", "{BE3B8024-F5FE-4B94-AE7A-C6AF5CF42D73}"
EndProject
Global
	GlobalSection(SolutionConfigurationPlatforms) = preSolution
		Debug|Any CPU = Debug|Any CPU
		Release|Any CPU = Release|Any CPU
	EndGlobalSection
	GlobalSection(ProjectConfigurationPlatforms) = postSolution
		{BE3B8024-F5FE-4B94-AE7A-C6AF5CF42D73}.Debug|Any CPU.ActiveCfg = Debug|Any CPU
		{BE3B8024-F5FE-4B94-AE7A-C6AF5CF42D73}.Debug|Any CPU.Build.0 = Debug|Any CPU
		{BE3B8024-F5FE-4B94-AE7A-C6AF5CF42D73}.Release|Any CPU.ActiveCfg = Release|Any CPU
		{BE3B8024-F5FE-4B94-AE7A-C6AF5CF42D73}.Release|Any CPU.Build.0 = Release|Any CPU
	EndGlobalSection
	GlobalSection(SolutionProperties) = preSolution
		HideSolutionNode = FALSE
	EndGlobalSection
	GlobalSection(ExtensibilityGlobals) = postSolution
		SolutionGuid = {09BA17E5-AC81-4052-B29D-F33955FB7C52}
	EndGlobalSection
EndGlobal
