
Microsoft Visual Studio Solution File, Format Version 12.00
# Visual Studio 15
VisualStudioVersion = 15.0.28307.705
MinimumVisualStudioVersion = 10.0.40219.1
Project("{FAE04EC0-301F-11D3-BF4B-00C04F79EFBC}") = "testificate", "testificate\testificate.csproj", "{0CF3977C-435B-4AE9-8F4D-235402C81D12}"
EndProject
Global
	GlobalSection(SolutionConfigurationPlatforms) = preSolution
		Debug|Any CPU = Debug|Any CPU
		Release|Any CPU = Release|Any CPU
	EndGlobalSection
	GlobalSection(ProjectConfigurationPlatforms) = postSolution
		{0CF3977C-435B-4AE9-8F4D-235402C81D12}.Debug|Any CPU.ActiveCfg = Debug|Any CPU
		{0CF3977C-435B-4AE9-8F4D-235402C81D12}.Debug|Any CPU.Build.0 = Debug|Any CPU
		{0CF3977C-435B-4AE9-8F4D-235402C81D12}.Release|Any CPU.ActiveCfg = Release|Any CPU
		{0CF3977C-435B-4AE9-8F4D-235402C81D12}.Release|Any CPU.Build.0 = Release|Any CPU
	EndGlobalSection
	GlobalSection(SolutionProperties) = preSolution
		HideSolutionNode = FALSE
	EndGlobalSection
	GlobalSection(ExtensibilityGlobals) = postSolution
		SolutionGuid = {441DA2D3-222E-4A7F-AA1A-D1C162ABE899}
	EndGlobalSection
EndGlobal
