
Microsoft Visual Studio Solution File, Format Version 12.00
# Visual Studio 15
VisualStudioVersion = 15.0.28307.705
MinimumVisualStudioVersion = 10.0.40219.1
Project("{FAE04EC0-301F-11D3-BF4B-00C04F79EFBC}") = "probaA", "probaA\probaA.csproj", "{7995FD62-7A3E-4903-A0FF-8310122333DE}"
EndProject
Global
	GlobalSection(SolutionConfigurationPlatforms) = preSolution
		Debug|Any CPU = Debug|Any CPU
		Release|Any CPU = Release|Any CPU
	EndGlobalSection
	GlobalSection(ProjectConfigurationPlatforms) = postSolution
		{7995FD62-7A3E-4903-A0FF-8310122333DE}.Debug|Any CPU.ActiveCfg = Debug|Any CPU
		{7995FD62-7A3E-4903-A0FF-8310122333DE}.Debug|Any CPU.Build.0 = Debug|Any CPU
		{7995FD62-7A3E-4903-A0FF-8310122333DE}.Release|Any CPU.ActiveCfg = Release|Any CPU
		{7995FD62-7A3E-4903-A0FF-8310122333DE}.Release|Any CPU.Build.0 = Release|Any CPU
	EndGlobalSection
	GlobalSection(SolutionProperties) = preSolution
		HideSolutionNode = FALSE
	EndGlobalSection
	GlobalSection(ExtensibilityGlobals) = postSolution
		SolutionGuid = {A6CCE36C-4C61-414E-8836-C49B6186DD28}
	EndGlobalSection
EndGlobal
