
Microsoft Visual Studio Solution File, Format Version 12.00
# Visual Studio Version 17
VisualStudioVersion = 17.2.32505.173
MinimumVisualStudioVersion = 10.0.40219.1
Project("{FAE04EC0-301F-11D3-BF4B-00C04F79EFBC}") = "ShoppingSystem", "ShoppingSystem\ShoppingSystem.csproj", "{3663B513-9961-4A09-B296-1D8CF49BEF99}"
EndProject
Global
	GlobalSection(SolutionConfigurationPlatforms) = preSolution
		Debug|Any CPU = Debug|Any CPU
		Release|Any CPU = Release|Any CPU
	EndGlobalSection
	GlobalSection(ProjectConfigurationPlatforms) = postSolution
		{3663B513-9961-4A09-B296-1D8CF49BEF99}.Debug|Any CPU.ActiveCfg = Debug|Any CPU
		{3663B513-9961-4A09-B296-1D8CF49BEF99}.Debug|Any CPU.Build.0 = Debug|Any CPU
		{3663B513-9961-4A09-B296-1D8CF49BEF99}.Release|Any CPU.ActiveCfg = Release|Any CPU
		{3663B513-9961-4A09-B296-1D8CF49BEF99}.Release|Any CPU.Build.0 = Release|Any CPU
	EndGlobalSection
	GlobalSection(SolutionProperties) = preSolution
		HideSolutionNode = FALSE
	EndGlobalSection
	GlobalSection(ExtensibilityGlobals) = postSolution
		SolutionGuid = {22BA5E80-B6BA-4EE2-8BA4-D0A33BCCAD4A}
	EndGlobalSection
EndGlobal
