
Microsoft Visual Studio Solution File, Format Version 12.00
# Visual Studio Version 17
VisualStudioVersion = 17.0.31903.59
MinimumVisualStudioVersion = 10.0.40219.1
Project("{FAE04EC0-301F-11D3-BF4B-00C04F79EFBC}") = "Class'd supermarket", "Class'd supermarket\Class'd supermarket.csproj", "{5CAAFF00-2E07-4BD4-B6C3-7ED4123147FF}"
EndProject
Project("{FAE04EC0-301F-11D3-BF4B-00C04F79EFBC}") = "Supermarket", "Supermarket\Supermarket.csproj", "{B55DA89F-494C-428D-8E85-288ACCD3D3A2}"
EndProject
Global
	GlobalSection(SolutionConfigurationPlatforms) = preSolution
		Debug|Any CPU = Debug|Any CPU
		Release|Any CPU = Release|Any CPU
	EndGlobalSection
	GlobalSection(ProjectConfigurationPlatforms) = postSolution
		{5CAAFF00-2E07-4BD4-B6C3-7ED4123147FF}.Debug|Any CPU.ActiveCfg = Debug|Any CPU
		{5CAAFF00-2E07-4BD4-B6C3-7ED4123147FF}.Debug|Any CPU.Build.0 = Debug|Any CPU
		{5CAAFF00-2E07-4BD4-B6C3-7ED4123147FF}.Release|Any CPU.ActiveCfg = Release|Any CPU
		{5CAAFF00-2E07-4BD4-B6C3-7ED4123147FF}.Release|Any CPU.Build.0 = Release|Any CPU
		{B55DA89F-494C-428D-8E85-288ACCD3D3A2}.Debug|Any CPU.ActiveCfg = Debug|Any CPU
		{B55DA89F-494C-428D-8E85-288ACCD3D3A2}.Debug|Any CPU.Build.0 = Debug|Any CPU
		{B55DA89F-494C-428D-8E85-288ACCD3D3A2}.Release|Any CPU.ActiveCfg = Release|Any CPU
		{B55DA89F-494C-428D-8E85-288ACCD3D3A2}.Release|Any CPU.Build.0 = Release|Any CPU
	EndGlobalSection
	GlobalSection(SolutionProperties) = preSolution
		HideSolutionNode = FALSE
	EndGlobalSection
	GlobalSection(ExtensibilityGlobals) = postSolution
		SolutionGuid = {4EA86111-3713-4F45-8267-BF3D54E006EE}
	EndGlobalSection
EndGlobal
