
Microsoft Visual Studio Solution File, Format Version 12.00
# Visual Studio Version 17
VisualStudioVersion = 17.0.31903.59
MinimumVisualStudioVersion = 10.0.40219.1
Project("{FAE04EC0-301F-11D3-BF4B-00C04F79EFBC}") = "suma na redica", "suma na redica\suma na redica.csproj", "{30505EEC-6E67-4266-BA9B-C2DBFAA4003A}"
EndProject
Global
	GlobalSection(SolutionConfigurationPlatforms) = preSolution
		Debug|Any CPU = Debug|Any CPU
		Release|Any CPU = Release|Any CPU
	EndGlobalSection
	GlobalSection(ProjectConfigurationPlatforms) = postSolution
		{30505EEC-6E67-4266-BA9B-C2DBFAA4003A}.Debug|Any CPU.ActiveCfg = Debug|Any CPU
		{30505EEC-6E67-4266-BA9B-C2DBFAA4003A}.Debug|Any CPU.Build.0 = Debug|Any CPU
		{30505EEC-6E67-4266-BA9B-C2DBFAA4003A}.Release|Any CPU.ActiveCfg = Release|Any CPU
		{30505EEC-6E67-4266-BA9B-C2DBFAA4003A}.Release|Any CPU.Build.0 = Release|Any CPU
	EndGlobalSection
	GlobalSection(SolutionProperties) = preSolution
		HideSolutionNode = FALSE
	EndGlobalSection
	GlobalSection(ExtensibilityGlobals) = postSolution
		SolutionGuid = {7EDC8039-907A-4CA9-AB90-38C42545F7C4}
	EndGlobalSection
EndGlobal
