
Microsoft Visual Studio Solution File, Format Version 12.00
# Visual Studio 15
VisualStudioVersion = 15.0.28010.2026
MinimumVisualStudioVersion = 10.0.40219.1
Project("{FAE04EC0-301F-11D3-BF4B-00C04F79EFBC}") = "1,2,3", "1,2,3\1,2,3.csproj", "{62D3EDF4-E1F7-4398-AD66-0A502390D008}"
EndProject
Global
	GlobalSection(SolutionConfigurationPlatforms) = preSolution
		Debug|Any CPU = Debug|Any CPU
		Release|Any CPU = Release|Any CPU
	EndGlobalSection
	GlobalSection(ProjectConfigurationPlatforms) = postSolution
		{62D3EDF4-E1F7-4398-AD66-0A502390D008}.Debug|Any CPU.ActiveCfg = Debug|Any CPU
		{62D3EDF4-E1F7-4398-AD66-0A502390D008}.Debug|Any CPU.Build.0 = Debug|Any CPU
		{62D3EDF4-E1F7-4398-AD66-0A502390D008}.Release|Any CPU.ActiveCfg = Release|Any CPU
		{62D3EDF4-E1F7-4398-AD66-0A502390D008}.Release|Any CPU.Build.0 = Release|Any CPU
	EndGlobalSection
	GlobalSection(SolutionProperties) = preSolution
		HideSolutionNode = FALSE
	EndGlobalSection
	GlobalSection(ExtensibilityGlobals) = postSolution
		SolutionGuid = {81431CF0-28AC-46F0-86A3-76A1D6742952}
	EndGlobalSection
EndGlobal
